// !$*UTF8*$!
{
	archiveVersion = 1;
	classes = {
	};
	objectVersion = 50;
	objects = {

/* Begin PBXBuildFile section */
		5724EA6425CB0AB500B8392A /* livesdk.framework in Frameworks */ = {isa = PBXBuildFile; fileRef = 5724EA6325CB0AB500B8392A /* livesdk.framework */; };
		572F657E25C2C0C6000C1410 /* AppDelegate.m in Sources */ = {isa = PBXBuildFile; fileRef = 572F657D25C2C0C6000C1410 /* AppDelegate.m */; };
		572F658125C2C0C6000C1410 /* SceneDelegate.m in Sources */ = {isa = PBXBuildFile; fileRef = 572F658025C2C0C6000C1410 /* SceneDelegate.m */; };
		572F658425C2C0C6000C1410 /* ViewController.mm in Sources */ = {isa = PBXBuildFile; fileRef = 572F658325C2C0C6000C1410 /* ViewController.mm */; };
		572F658725C2C0C6000C1410 /* Main.storyboard in Resources */ = {isa = PBXBuildFile; fileRef = 572F658525C2C0C6000C1410 /* Main.storyboard */; };
		572F658925C2C0C6000C1410 /* Assets.xcassets in Resources */ = {isa = PBXBuildFile; fileRef = 572F658825C2C0C6000C1410 /* Assets.xcassets */; };
		572F658C25C2C0C6000C1410 /* LaunchScreen.storyboard in Resources */ = {isa = PBXBuildFile; fileRef = 572F658A25C2C0C6000C1410 /* LaunchScreen.storyboard */; };
		572F658F25C2C0C6000C1410 /* main.m in Sources */ = {isa = PBXBuildFile; fileRef = 572F658E25C2C0C6000C1410 /* main.m */; };
		572F659C25C2C135000C1410 /* VideoToolbox.framework in Frameworks */ = {isa = PBXBuildFile; fileRef = 572F659B25C2C135000C1410 /* VideoToolbox.framework */; };
		572F659E25C2C13B000C1410 /* AVFoundation.framework in Frameworks */ = {isa = PBXBuildFile; fileRef = 572F659D25C2C13B000C1410 /* AVFoundation.framework */; };
		572F65A125C2C18E000C1410 /* ReplayKit.framework in Frameworks */ = {isa = PBXBuildFile; fileRef = 572F65A025C2C18E000C1410 /* ReplayKit.framework */; };
		572F65A725C2C1AB000C1410 /* CoreMedia.framework in Frameworks */ = {isa = PBXBuildFile; fileRef = 572F65A625C2C1AB000C1410 /* CoreMedia.framework */; };
		572F66AC25C43238000C1410 /* H264Encoder.mm in Sources */ = {isa = PBXBuildFile; fileRef = 572F66AB25C43238000C1410 /* H264Encoder.mm */; };
/* End PBXBuildFile section */

/* Begin PBXFileReference section */
		5724EA6325CB0AB500B8392A /* livesdk.framework */ = {isa = PBXFileReference; explicitFileType = wrapper.framework; path = livesdk.framework; sourceTree = BUILT_PRODUCTS_DIR; };
		572F657925C2C0C6000C1410 /* RealLive.app */ = {isa = PBXFileReference; explicitFileType = wrapper.application; includeInIndex = 0; path = RealLive.app; sourceTree = BUILT_PRODUCTS_DIR; };
		572F657C25C2C0C6000C1410 /* AppDelegate.h */ = {isa = PBXFileReference; lastKnownFileType = sourcecode.c.h; path = AppDelegate.h; sourceTree = "<group>"; };
		572F657D25C2C0C6000C1410 /* AppDelegate.m */ = {isa = PBXFileReference; lastKnownFileType = sourcecode.c.objc; path = AppDelegate.m; sourceTree = "<group>"; };
		572F657F25C2C0C6000C1410 /* SceneDelegate.h */ = {isa = PBXFileReference; lastKnownFileType = sourcecode.c.h; path = SceneDelegate.h; sourceTree = "<group>"; };
		572F658025C2C0C6000C1410 /* SceneDelegate.m */ = {isa = PBXFileReference; lastKnownFileType = sourcecode.c.objc; path = SceneDelegate.m; sourceTree = "<group>"; };
		572F658225C2C0C6000C1410 /* ViewController.h */ = {isa = PBXFileReference; lastKnownFileType = sourcecode.c.h; path = ViewController.h; sourceTree = "<group>"; };
		572F658325C2C0C6000C1410 /* ViewController.mm */ = {isa = PBXFileReference; lastKnownFileType = sourcecode.cpp.objcpp; path = ViewController.mm; sourceTree = "<group>"; };
		572F658625C2C0C6000C1410 /* Base */ = {isa = PBXFileReference; lastKnownFileType = file.storyboard; name = Base; path = Base.lproj/Main.storyboard; sourceTree = "<group>"; };
		572F658825C2C0C6000C1410 /* Assets.xcassets */ = {isa = PBXFileReference; lastKnownFileType = folder.assetcatalog; path = Assets.xcassets; sourceTree = "<group>"; };
		572F658B25C2C0C6000C1410 /* Base */ = {isa = PBXFileReference; lastKnownFileType = file.storyboard; name = Base; path = Base.lproj/LaunchScreen.storyboard; sourceTree = "<group>"; };
		572F658D25C2C0C6000C1410 /* Info.plist */ = {isa = PBXFileReference; lastKnownFileType = text.plist.xml; path = Info.plist; sourceTree = "<group>"; };
		572F658E25C2C0C6000C1410 /* main.m */ = {isa = PBXFileReference; lastKnownFileType = sourcecode.c.objc; path = main.m; sourceTree = "<group>"; };
		572F659725C2C0F0000C1410 /* RealLive.entitlements */ = {isa = PBXFileReference; lastKnownFileType = text.plist.entitlements; path = RealLive.entitlements; sourceTree = "<group>"; };
		572F659B25C2C135000C1410 /* VideoToolbox.framework */ = {isa = PBXFileReference; lastKnownFileType = wrapper.framework; name = VideoToolbox.framework; path = Platforms/MacOSX.platform/Developer/SDKs/MacOSX11.1.sdk/System/Library/Frameworks/VideoToolbox.framework; sourceTree = DEVELOPER_DIR; };
		572F659D25C2C13B000C1410 /* AVFoundation.framework */ = {isa = PBXFileReference; lastKnownFileType = wrapper.framework; name = AVFoundation.framework; path = Platforms/MacOSX.platform/Developer/SDKs/MacOSX11.1.sdk/System/Library/Frameworks/AVFoundation.framework; sourceTree = DEVELOPER_DIR; };
		572F65A025C2C18E000C1410 /* ReplayKit.framework */ = {isa = PBXFileReference; lastKnownFileType = wrapper.framework; name = ReplayKit.framework; path = Platforms/MacOSX.platform/Developer/SDKs/MacOSX11.1.sdk/System/iOSSupport/System/Library/Frameworks/ReplayKit.framework; sourceTree = DEVELOPER_DIR; };
		572F65A325C2C197000C1410 /* Foundation.framework */ = {isa = PBXFileReference; lastKnownFileType = wrapper.framework; name = Foundation.framework; path = Platforms/MacOSX.platform/Developer/SDKs/MacOSX11.1.sdk/System/Library/Frameworks/Foundation.framework; sourceTree = DEVELOPER_DIR; };
		572F65A625C2C1AB000C1410 /* CoreMedia.framework */ = {isa = PBXFileReference; lastKnownFileType = wrapper.framework; name = CoreMedia.framework; path = Platforms/MacOSX.platform/Developer/SDKs/MacOSX11.1.sdk/System/Library/Frameworks/CoreMedia.framework; sourceTree = DEVELOPER_DIR; };
		572F66AB25C43238000C1410 /* H264Encoder.mm */ = {isa = PBXFileReference; lastKnownFileType = sourcecode.cpp.objcpp; path = H264Encoder.mm; sourceTree = "<group>"; };
		572F66AF25C43247000C1410 /* H264Encoder.h */ = {isa = PBXFileReference; lastKnownFileType = sourcecode.c.h; path = H264Encoder.h; sourceTree = "<group>"; };
/* End PBXFileReference section */

/* Begin PBXFrameworksBuildPhase section */
		572F657625C2C0C6000C1410 /* Frameworks */ = {
			isa = PBXFrameworksBuildPhase;
			buildActionMask = 2147483647;
			files = (
				5724EA6425CB0AB500B8392A /* livesdk.framework in Frameworks */,
				572F65A725C2C1AB000C1410 /* CoreMedia.framework in Frameworks */,
				572F65A125C2C18E000C1410 /* ReplayKit.framework in Frameworks */,
				572F659E25C2C13B000C1410 /* AVFoundation.framework in Frameworks */,
				572F659C25C2C135000C1410 /* VideoToolbox.framework in Frameworks */,
			);
			runOnlyForDeploymentPostprocessing = 0;
		};
/* End PBXFrameworksBuildPhase section */

/* Begin PBXGroup section */
		572F657025C2C0C6000C1410 = {
			isa = PBXGroup;
			children = (
				572F657B25C2C0C6000C1410 /* RealLive */,
				572F657A25C2C0C6000C1410 /* Products */,
				572F659A25C2C135000C1410 /* Frameworks */,
			);
			sourceTree = "<group>";
		};
		572F657A25C2C0C6000C1410 /* Products */ = {
			isa = PBXGroup;
			children = (
				572F657925C2C0C6000C1410 /* RealLive.app */,
			);
			name = Products;
			sourceTree = "<group>";
		};
		572F657B25C2C0C6000C1410 /* RealLive */ = {
			isa = PBXGroup;
			children = (
				572F659725C2C0F0000C1410 /* RealLive.entitlements */,
				572F657C25C2C0C6000C1410 /* AppDelegate.h */,
				572F657D25C2C0C6000C1410 /* AppDelegate.m */,
				572F657F25C2C0C6000C1410 /* SceneDelegate.h */,
				572F658025C2C0C6000C1410 /* SceneDelegate.m */,
				572F658225C2C0C6000C1410 /* ViewController.h */,
				572F658325C2C0C6000C1410 /* ViewController.mm */,
				572F658525C2C0C6000C1410 /* Main.storyboard */,
				572F658825C2C0C6000C1410 /* Assets.xcassets */,
				572F658A25C2C0C6000C1410 /* LaunchScreen.storyboard */,
				572F658D25C2C0C6000C1410 /* Info.plist */,
				572F658E25C2C0C6000C1410 /* main.m */,
				572F66AB25C43238000C1410 /* H264Encoder.mm */,
				572F66AF25C43247000C1410 /* H264Encoder.h */,
			);
			path = RealLive;
			sourceTree = "<group>";
		};
		572F659A25C2C135000C1410 /* Frameworks */ = {
			isa = PBXGroup;
			children = (
				5724EA6325CB0AB500B8392A /* livesdk.framework */,
				572F65A625C2C1AB000C1410 /* CoreMedia.framework */,
				572F65A325C2C197000C1410 /* Foundation.framework */,
				572F65A025C2C18E000C1410 /* ReplayKit.framework */,
				572F659D25C2C13B000C1410 /* AVFoundation.framework */,
				572F659B25C2C135000C1410 /* VideoToolbox.framework */,
			);
			name = Frameworks;
			sourceTree = "<group>";
		};
/* End PBXGroup section */

/* Begin PBXNativeTarget section */
		572F657825C2C0C6000C1410 /* RealLive */ = {
			isa = PBXNativeTarget;
			buildConfigurationList = 572F659225C2C0C6000C1410 /* Build configuration list for PBXNativeTarget "RealLive" */;
			buildPhases = (
				572F657525C2C0C6000C1410 /* Sources */,
				572F657625C2C0C6000C1410 /* Frameworks */,
				572F657725C2C0C6000C1410 /* Resources */,
			);
			buildRules = (
			);
			dependencies = (
			);
			name = RealLive;
			productName = RealLive;
			productReference = 572F657925C2C0C6000C1410 /* RealLive.app */;
			productType = "com.apple.product-type.application";
		};
/* End PBXNativeTarget section */

/* Begin PBXProject section */
		572F657125C2C0C6000C1410 /* Project object */ = {
			isa = PBXProject;
			attributes = {
				LastUpgradeCheck = 1240;
				TargetAttributes = {
					572F657825C2C0C6000C1410 = {
						CreatedOnToolsVersion = 12.4;
					};
				};
			};
			buildConfigurationList = 572F657425C2C0C6000C1410 /* Build configuration list for PBXProject "RealLive" */;
			compatibilityVersion = "Xcode 9.3";
			developmentRegion = en;
			hasScannedForEncodings = 0;
			knownRegions = (
				en,
				Base,
			);
			mainGroup = 572F657025C2C0C6000C1410;
			productRefGroup = 572F657A25C2C0C6000C1410 /* Products */;
			projectDirPath = "";
			projectRoot = "";
			targets = (
				572F657825C2C0C6000C1410 /* RealLive */,
			);
		};
/* End PBXProject section */

/* Begin PBXResourcesBuildPhase section */
		572F657725C2C0C6000C1410 /* Resources */ = {
			isa = PBXResourcesBuildPhase;
			buildActionMask = 2147483647;
			files = (
				572F658C25C2C0C6000C1410 /* LaunchScreen.storyboard in Resources */,
				572F658925C2C0C6000C1410 /* Assets.xcassets in Resources */,
				572F658725C2C0C6000C1410 /* Main.storyboard in Resources */,
			);
			runOnlyForDeploymentPostprocessing = 0;
		};
/* End PBXResourcesBuildPhase section */

/* Begin PBXSourcesBuildPhase section */
		572F657525C2C0C6000C1410 /* Sources */ = {
			isa = PBXSourcesBuildPhase;
			buildActionMask = 2147483647;
			files = (
				572F658425C2C0C6000C1410 /* ViewController.mm in Sources */,
				572F657E25C2C0C6000C1410 /* AppDelegate.m in Sources */,
				572F658F25C2C0C6000C1410 /* main.m in Sources */,
				572F658125C2C0C6000C1410 /* SceneDelegate.m in Sources */,
				572F66AC25C43238000C1410 /* H264Encoder.mm in Sources */,
			);
			runOnlyForDeploymentPostprocessing = 0;
		};
/* End PBXSourcesBuildPhase section */

/* Begin PBXVariantGroup section */
		572F658525C2C0C6000C1410 /* Main.storyboard */ = {
			isa = PBXVariantGroup;
			children = (
				572F658625C2C0C6000C1410 /* Base */,
			);
			name = Main.storyboard;
			sourceTree = "<group>";
		};
		572F658A25C2C0C6000C1410 /* LaunchScreen.storyboard */ = {
			isa = PBXVariantGroup;
			children = (
				572F658B25C2C0C6000C1410 /* Base */,
			);
			name = LaunchScreen.storyboard;
			sourceTree = "<group>";
		};
/* End PBXVariantGroup section */

/* Begin XCBuildConfiguration section */
		572F659025C2C0C6000C1410 /* Debug */ = {
			isa = XCBuildConfiguration;
			buildSettings = {
				ALWAYS_SEARCH_USER_PATHS = NO;
				CLANG_ANALYZER_NONNULL = YES;
				CLANG_ANALYZER_NUMBER_OBJECT_CONVERSION = YES_AGGRESSIVE;
				CLANG_CXX_LANGUAGE_STANDARD = "gnu++14";
				CLANG_CXX_LIBRARY = "libc++";
				CLANG_ENABLE_MODULES = YES;
				CLANG_ENABLE_OBJC_ARC = YES;
				CLANG_ENABLE_OBJC_WEAK = YES;
				CLANG_WARN_BLOCK_CAPTURE_AUTORELEASING = YES;
				CLANG_WARN_BOOL_CONVERSION = YES;
				CLANG_WARN_COMMA = YES;
				CLANG_WARN_CONSTANT_CONVERSION = YES;
				CLANG_WARN_DEPRECATED_OBJC_IMPLEMENTATIONS = YES;
				CLANG_WARN_DIRECT_OBJC_ISA_USAGE = YES_ERROR;
				CLANG_WARN_DOCUMENTATION_COMMENTS = YES;
				CLANG_WARN_EMPTY_BODY = YES;
				CLANG_WARN_ENUM_CONVERSION = YES;
				CLANG_WARN_INFINITE_RECURSION = YES;
				CLANG_WARN_INT_CONVERSION = YES;
				CLANG_WARN_NON_LITERAL_NULL_CONVERSION = YES;
				CLANG_WARN_OBJC_IMPLICIT_RETAIN_SELF = YES;
				CLANG_WARN_OBJC_LITERAL_CONVERSION = YES;
				CLANG_WARN_OBJC_ROOT_CLASS = YES_ERROR;
				CLANG_WARN_QUOTED_INCLUDE_IN_FRAMEWORK_HEADER = YES;
				CLANG_WARN_RANGE_LOOP_ANALYSIS = YES;
				CLANG_WARN_STRICT_PROTOTYPES = YES;
				CLANG_WARN_SUSPICIOUS_MOVE = YES;
				CLANG_WARN_UNGUARDED_AVAILABILITY = YES_AGGRESSIVE;
				CLANG_WARN_UNREACHABLE_CODE = YES;
				CLANG_WARN__DUPLICATE_METHOD_MATCH = YES;
				COPY_PHASE_STRIP = NO;
				DEBUG_INFORMATION_FORMAT = dwarf;
				ENABLE_STRICT_OBJC_MSGSEND = YES;
				ENABLE_TESTABILITY = YES;
				GCC_C_LANGUAGE_STANDARD = gnu11;
				GCC_DYNAMIC_NO_PIC = NO;
				GCC_NO_COMMON_BLOCKS = YES;
				GCC_OPTIMIZATION_LEVEL = 0;
				GCC_PREPROCESSOR_DEFINITIONS = (
					"DEBUG=1",
					"$(inherited)",
				);
				GCC_WARN_64_TO_32_BIT_CONVERSION = YES;
				GCC_WARN_ABOUT_RETURN_TYPE = YES_ERROR;
				GCC_WARN_UNDECLARED_SELECTOR = YES;
				GCC_WARN_UNINITIALIZED_AUTOS = YES_AGGRESSIVE;
				GCC_WARN_UNUSED_FUNCTION = YES;
				GCC_WARN_UNUSED_VARIABLE = YES;
				IPHONEOS_DEPLOYMENT_TARGET = 14.4;
				MTL_ENABLE_DEBUG_INFO = INCLUDE_SOURCE;
				MTL_FAST_MATH = YES;
				ONLY_ACTIVE_ARCH = YES;
				SDKROOT = iphoneos;
			};
			name = Debug;
		};
		572F659125C2C0C6000C1410 /* Release */ = {
			isa = XCBuildConfiguration;
			buildSettings = {
				ALWAYS_SEARCH_USER_PATHS = NO;
				CLANG_ANALYZER_NONNULL = YES;
				CLANG_ANALYZER_NUMBER_OBJECT_CONVERSION = YES_AGGRESSIVE;
				CLANG_CXX_LANGUAGE_STANDARD = "gnu++14";
				CLANG_CXX_LIBRARY = "libc++";
				CLANG_ENABLE_MODULES = YES;
				CLANG_ENABLE_OBJC_ARC = YES;
				CLANG_ENABLE_OBJC_WEAK = YES;
				CLANG_WARN_BLOCK_CAPTURE_AUTORELEASING = YES;
				CLANG_WARN_BOOL_CONVERSION = YES;
				CLANG_WARN_COMMA = YES;
				CLANG_WARN_CONSTANT_CONVERSION = YES;
				CLANG_WARN_DEPRECATED_OBJC_IMPLEMENTATIONS = YES;
				CLANG_WARN_DIRECT_OBJC_ISA_USAGE = YES_ERROR;
				CLANG_WARN_DOCUMENTATION_COMMENTS = YES;
				CLANG_WARN_EMPTY_BODY = YES;
				CLANG_WARN_ENUM_CONVERSION = YES;
				CLANG_WARN_INFINITE_RECURSION = YES;
				CLANG_WARN_INT_CONVERSION = YES;
				CLANG_WARN_NON_LITERAL_NULL_CONVERSION = YES;
				CLANG_WARN_OBJC_IMPLICIT_RETAIN_SELF = YES;
				CLANG_WARN_OBJC_LITERAL_CONVERSION = YES;
				CLANG_WARN_OBJC_ROOT_CLASS = YES_ERROR;
				CLANG_WARN_QUOTED_INCLUDE_IN_FRAMEWORK_HEADER = YES;
				CLANG_WARN_RANGE_LOOP_ANALYSIS = YES;
				CLANG_WARN_STRICT_PROTOTYPES = YES;
				CLANG_WARN_SUSPICIOUS_MOVE = YES;
				CLANG_WARN_UNGUARDED_AVAILABILITY = YES_AGGRESSIVE;
				CLANG_WARN_UNREACHABLE_CODE = YES;
				CLANG_WARN__DUPLICATE_METHOD_MATCH = YES;
				COPY_PHASE_STRIP = NO;
				DEBUG_INFORMATION_FORMAT = "dwarf-with-dsym";
				ENABLE_NS_ASSERTIONS = NO;
				ENABLE_STRICT_OBJC_MSGSEND = YES;
				GCC_C_LANGUAGE_STANDARD = gnu11;
				GCC_NO_COMMON_BLOCKS = YES;
				GCC_WARN_64_TO_32_BIT_CONVERSION = YES;
				GCC_WARN_ABOUT_RETURN_TYPE = YES_ERROR;
				GCC_WARN_UNDECLARED_SELECTOR = YES;
				GCC_WARN_UNINITIALIZED_AUTOS = YES_AGGRESSIVE;
				GCC_WARN_UNUSED_FUNCTION = YES;
				GCC_WARN_UNUSED_VARIABLE = YES;
				IPHONEOS_DEPLOYMENT_TARGET = 14.4;
				MTL_ENABLE_DEBUG_INFO = NO;
				MTL_FAST_MATH = YES;
				SDKROOT = iphoneos;
				VALIDATE_PRODUCT = YES;
			};
			name = Release;
		};
		572F659325C2C0C6000C1410 /* Debug */ = {
			isa = XCBuildConfiguration;
			buildSettings = {
				ASSETCATALOG_COMPILER_APPICON_NAME = AppIcon;
				ASSETCATALOG_COMPILER_GLOBAL_ACCENT_COLOR_NAME = AccentColor;
				CLANG_CXX_LANGUAGE_STANDARD = "c++0x";
				CODE_SIGN_ENTITLEMENTS = RealLive/RealLive.entitlements;
				CODE_SIGN_STYLE = Automatic;
				DEVELOPMENT_TEAM = 823M6R4A85;
				GCC_C_LANGUAGE_STANDARD = c11;
				INFOPLIST_FILE = RealLive/Info.plist;
				IPHONEOS_DEPLOYMENT_TARGET = 11.0;
				LD_RUNPATH_SEARCH_PATHS = (
					"$(inherited)",
					"@executable_path/Frameworks",
				);
				PRODUCT_BUNDLE_IDENTIFIER = hilive.RealLive;
				PRODUCT_NAME = "$(TARGET_NAME)";
				SUPPORTS_MACCATALYST = YES;
				TARGETED_DEVICE_FAMILY = "1,2";
			};
			name = Debug;
		};
		572F659425C2C0C6000C1410 /* Release */ = {
			isa = XCBuildConfiguration;
			buildSettings = {
				ASSETCATALOG_COMPILER_APPICON_NAME = AppIcon;
				ASSETCATALOG_COMPILER_GLOBAL_ACCENT_COLOR_NAME = AccentColor;
				CLANG_CXX_LANGUAGE_STANDARD = "c++0x";
				CODE_SIGN_ENTITLEMENTS = RealLive/RealLive.entitlements;
				CODE_SIGN_STYLE = Automatic;
				DEVELOPMENT_TEAM = 823M6R4A85;
				GCC_C_LANGUAGE_STANDARD = c11;
				INFOPLIST_FILE = RealLive/Info.plist;
				IPHONEOS_DEPLOYMENT_TARGET = 11.0;
				LD_RUNPATH_SEARCH_PATHS = (
					"$(inherited)",
					"@executable_path/Frameworks",
				);
				PRODUCT_BUNDLE_IDENTIFIER = hilive.RealLive;
				PRODUCT_NAME = "$(TARGET_NAME)";
				SUPPORTS_MACCATALYST = YES;
				TARGETED_DEVICE_FAMILY = "1,2";
			};
			name = Release;
		};
/* End XCBuildConfiguration section */

/* Begin XCConfigurationList section */
		572F657425C2C0C6000C1410 /* Build configuration list for PBXProject "RealLive" */ = {
			isa = XCConfigurationList;
			buildConfigurations = (
				572F659025C2C0C6000C1410 /* Debug */,
				572F659125C2C0C6000C1410 /* Release */,
			);
			defaultConfigurationIsVisible = 0;
			defaultConfigurationName = Release;
		};
		572F659225C2C0C6000C1410 /* Build configuration list for PBXNativeTarget "RealLive" */ = {
			isa = XCConfigurationList;
			buildConfigurations = (
				572F659325C2C0C6000C1410 /* Debug */,
				572F659425C2C0C6000C1410 /* Release */,
			);
			defaultConfigurationIsVisible = 0;
			defaultConfigurationName = Release;
		};
/* End XCConfigurationList section */
	};
	rootObject = 572F657125C2C0C6000C1410 /* Project object */;
}
